{
  "meteor": {},
  "dependencies": {
    "basePackages": {
      "iron-router": {},
      "bootstrap-3": {},
      "livestamp-hs": {},
      "accounts-ui-bootstrap-3": {},
      "iron-router-auth": {},
      "houston": {
        "git": "https://github.com/gterrono/houston.git",
        "branch": "master"
      },
      "presence": {}
    },
    "packages": {
      "iron-router": {
        "git": "https://github.com/EventedMind/iron-router.git",
        "tag": "v0.7.0",
        "commit": "05f34bc48c4cad9fdaa366c1ddcabe6980232ece"
      },
      "bootstrap-3": {
        "git": "https://github.com/mangasocial/meteor-bootstrap-3.git",
        "tag": "v3.1.1-1",
        "commit": "63dd38968828bb8963636df93e9a1c45e2dfe67e"
      },
      "livestamp-hs": {
        "git": "https://github.com/hugesuccess/livestamp.git",
        "tag": "v0.0.33",
        "commit": "5db38849310c24bdd77477516e746fc40b9ed338"
      },
      "accounts-ui-bootstrap-3": {
        "git": "https://github.com/mangasocial/meteor-accounts-ui-bootstrap-3.git",
        "tag": "v0.3.0-1",
        "commit": "93ffa5d0e325dc7026de89f6d90c178fa04bdd3a"
      },
      "iron-router-auth": {
        "git": "https://github.com/XpressiveCode/iron-router-auth.git",
        "tag": "v0.2.0",
        "commit": "f868799c5b6511813abe1b3d3ed29f25f10099a0"
      },
      "houston": {
        "git": "https://github.com/gterrono/houston.git",
        "branch": "master",
        "commit": "c9af02ec7b52b5ea061a36d260386aa25644507d"
      },
      "presence": {
        "git": "https://github.com/dburles/meteor-presence.git",
        "tag": "v0.4.3",
        "commit": "8bfcae844195ff5681a123cb4302af9e719663ac"
      },
      "blaze-layout": {
        "git": "https://github.com/EventedMind/blaze-layout.git",
        "tag": "v0.2.2",
        "commit": "8bc53798fe5965669ae67c72f91829fcfdceabfd"
      },
      "paginated-subscription": {
        "git": "https://github.com/tmeasday/meteor-paginated-subscription.git",
        "tag": "v0.1.2",
        "commit": "35e0c6112df2b4cfeb60b559276a93cac5ee2dd6"
      },
      "spin": {
        "git": "https://github.com/SachaG/meteor-spin.git",
        "tag": "v0.2.2",
        "commit": "3f655f0016228e4195acc784c45d3e3a247dc39f"
      }
    }
  }
}
