{
  "meteor": {},
  "dependencies": {
    "basePackages": {
      "iron-router": {},
      "bootstrap-3": {},
      "livestamp-hs": {},
      "accounts-ui-bootstrap-3": {},
      "iron-router-auth": {},
      "houston": {
        "git": "https://github.com/gterrono/houston.git",
        "branch": "master"
      },
      "presence": {}
    },
    "packages": {
      "iron-router": {
        "git": "https://github.com/EventedMind/iron-router.git",
        "tag": "v0.6.3",
        "commit": "79861385df5d2b667630ec82abe4de3efa3166e3"
      },
      "bootstrap-3": {
        "git": "https://github.com/mangasocial/meteor-bootstrap-3.git",
        "tag": "v3.1.0-1",
        "commit": "329dccb08bfc18c635676dea600ac9953162cda9"
      },
      "livestamp-hs": {
        "git": "https://github.com/hugesuccess/livestamp.git",
        "tag": "v0.0.33",
        "commit": "5db38849310c24bdd77477516e746fc40b9ed338"
      },
      "accounts-ui-bootstrap-3": {
        "git": "https://github.com/mangasocial/meteor-accounts-ui-bootstrap-3.git",
        "tag": "v0.2.5",
        "commit": "91cd37a1320213dd209c3a668bf542eeb9c39a00"
      },
      "iron-router-auth": {
        "git": "https://github.com/XpressiveCode/iron-router-auth.git",
        "tag": "v0.1.1",
        "commit": "6cbba28b70b2ba960721d8440cad3b4dad915fb2"
      },
      "houston": {
        "git": "https://github.com/gterrono/houston.git",
        "branch": "master",
        "commit": "1a5f69cdc7cb2761080c601e2f04275d05985737"
      },
      "presence": {
        "git": "https://github.com/dburles/meteor-presence.git",
        "tag": "v0.4.1",
        "commit": "ec4f872eb5b8acb0f4a8d4fcdfa439fcd61aa13b"
      },
      "paginated-subscription": {
        "git": "https://github.com/tmeasday/meteor-paginated-subscription.git",
        "tag": "v0.1.2",
        "commit": "35e0c6112df2b4cfeb60b559276a93cac5ee2dd6"
      },
      "spin": {
        "git": "https://github.com/SachaG/meteor-spin.git",
        "tag": "v0.2.2",
        "commit": "3f655f0016228e4195acc784c45d3e3a247dc39f"
      }
    }
  }
}
